// !$*UTF8*$!
{
	archiveVersion = 1;
	classes = {
	};
	objectVersion = 50;
	objects = {

/* Begin PBXBuildFile section */
		1D94608F245CA15E0065823A /* AppDelegate.swift in Sources */ = {isa = PBXBuildFile; fileRef = 1D94608E245CA15E0065823A /* AppDelegate.swift */; };
		1D946091245CA15E0065823A /* SceneDelegate.swift in Sources */ = {isa = PBXBuildFile; fileRef = 1D946090245CA15E0065823A /* SceneDelegate.swift */; };
		1D946093245CA15E0065823A /* ContentView.swift in Sources */ = {isa = PBXBuildFile; fileRef = 1D946092245CA15E0065823A /* ContentView.swift */; };
		1D946095245CA1600065823A /* Assets.xcassets in Resources */ = {isa = PBXBuildFile; fileRef = 1D946094245CA1600065823A /* Assets.xcassets */; };
		1D946098245CA1600065823A /* Preview Assets.xcassets in Resources */ = {isa = PBXBuildFile; fileRef = 1D946097245CA1600065823A /* Preview Assets.xcassets */; };
		1D94609B245CA1600065823A /* LaunchScreen.storyboard in Resources */ = {isa = PBXBuildFile; fileRef = 1D946099245CA1600065823A /* LaunchScreen.storyboard */; };
		1D9460A7245CA6A70065823A /* Localizable.strings in Resources */ = {isa = PBXBuildFile; fileRef = 1D9460A9245CA6A70065823A /* Localizable.strings */; };
/* End PBXBuildFile section */

/* Begin PBXFileReference section */
		1D94608B245CA15E0065823A /* LocalizationWithSwiftUI.app */ = {isa = PBXFileReference; explicitFileType = wrapper.application; includeInIndex = 0; path = LocalizationWithSwiftUI.app; sourceTree = BUILT_PRODUCTS_DIR; };
		1D94608E245CA15E0065823A /* AppDelegate.swift */ = {isa = PBXFileReference; lastKnownFileType = sourcecode.swift; path = AppDelegate.swift; sourceTree = "<group>"; };
		1D946090245CA15E0065823A /* SceneDelegate.swift */ = {isa = PBXFileReference; lastKnownFileType = sourcecode.swift; path = SceneDelegate.swift; sourceTree = "<group>"; };
		1D946092245CA15E0065823A /* ContentView.swift */ = {isa = PBXFileReference; lastKnownFileType = sourcecode.swift; path = ContentView.swift; sourceTree = "<group>"; };
		1D946094245CA1600065823A /* Assets.xcassets */ = {isa = PBXFileReference; lastKnownFileType = folder.assetcatalog; path = Assets.xcassets; sourceTree = "<group>"; };
		1D946097245CA1600065823A /* Preview Assets.xcassets */ = {isa = PBXFileReference; lastKnownFileType = folder.assetcatalog; path = "Preview Assets.xcassets"; sourceTree = "<group>"; };
		1D94609A245CA1600065823A /* Base */ = {isa = PBXFileReference; lastKnownFileType = file.storyboard; name = Base; path = Base.lproj/LaunchScreen.storyboard; sourceTree = "<group>"; };
		1D94609C245CA1600065823A /* Info.plist */ = {isa = PBXFileReference; lastKnownFileType = text.plist.xml; path = Info.plist; sourceTree = "<group>"; };
		1D9460A2245CA51F0065823A /* ru */ = {isa = PBXFileReference; lastKnownFileType = text.plist.strings; name = ru; path = ru.lproj/LaunchScreen.strings; sourceTree = "<group>"; };
		1D9460A3245CA5380065823A /* fi */ = {isa = PBXFileReference; lastKnownFileType = text.plist.strings; name = fi; path = fi.lproj/LaunchScreen.strings; sourceTree = "<group>"; };
		1D9460A4245CA55B0065823A /* de */ = {isa = PBXFileReference; lastKnownFileType = text.plist.strings; name = de; path = de.lproj/LaunchScreen.strings; sourceTree = "<group>"; };
		1D9460A8245CA6A70065823A /* en */ = {isa = PBXFileReference; lastKnownFileType = text.plist.strings; name = en; path = en.lproj/Localizable.strings; sourceTree = "<group>"; };
		1D9460AA245CA6EE0065823A /* fi */ = {isa = PBXFileReference; lastKnownFileType = text.plist.strings; name = fi; path = fi.lproj/Localizable.strings; sourceTree = "<group>"; };
		1D9460AB245CA6EF0065823A /* de */ = {isa = PBXFileReference; lastKnownFileType = text.plist.strings; name = de; path = de.lproj/Localizable.strings; sourceTree = "<group>"; };
		1D9460AC245CA6F00065823A /* ru */ = {isa = PBXFileReference; lastKnownFileType = text.plist.strings; name = ru; path = ru.lproj/Localizable.strings; sourceTree = "<group>"; };
/* End PBXFileReference section */

/* Begin PBXFrameworksBuildPhase section */
		1D946088245CA15E0065823A /* Frameworks */ = {
			isa = PBXFrameworksBuildPhase;
			buildActionMask = 2147483647;
			files = (
			);
			runOnlyForDeploymentPostprocessing = 0;
		};
/* End PBXFrameworksBuildPhase section */

/* Begin PBXGroup section */
		1D946082245CA15E0065823A = {
			isa = PBXGroup;
			children = (
				1D94608D245CA15E0065823A /* LocalizationWithSwiftUI */,
				1D94608C245CA15E0065823A /* Products */,
			);
			sourceTree = "<group>";
		};
		1D94608C245CA15E0065823A /* Products */ = {
			isa = PBXGroup;
			children = (
				1D94608B245CA15E0065823A /* LocalizationWithSwiftUI.app */,
			);
			name = Products;
			sourceTree = "<group>";
		};
		1D94608D245CA15E0065823A /* LocalizationWithSwiftUI */ = {
			isa = PBXGroup;
			children = (
				1D94608E245CA15E0065823A /* AppDelegate.swift */,
				1D946090245CA15E0065823A /* SceneDelegate.swift */,
				1D946092245CA15E0065823A /* ContentView.swift */,
				1D9460A9245CA6A70065823A /* Localizable.strings */,
				1D946094245CA1600065823A /* Assets.xcassets */,
				1D946099245CA1600065823A /* LaunchScreen.storyboard */,
				1D94609C245CA1600065823A /* Info.plist */,
				1D946096245CA1600065823A /* Preview Content */,
			);
			path = LocalizationWithSwiftUI;
			sourceTree = "<group>";
		};
		1D946096245CA1600065823A /* Preview Content */ = {
			isa = PBXGroup;
			children = (
				1D946097245CA1600065823A /* Preview Assets.xcassets */,
			);
			path = "Preview Content";
			sourceTree = "<group>";
		};
/* End PBXGroup section */

/* Begin PBXNativeTarget section */
		1D94608A245CA15E0065823A /* LocalizationWithSwiftUI */ = {
			isa = PBXNativeTarget;
			buildConfigurationList = 1D94609F245CA1600065823A /* Build configuration list for PBXNativeTarget "LocalizationWithSwiftUI" */;
			buildPhases = (
				1D946087245CA15E0065823A /* Sources */,
				1D946088245CA15E0065823A /* Frameworks */,
				1D946089245CA15E0065823A /* Resources */,
			);
			buildRules = (
			);
			dependencies = (
			);
			name = LocalizationWithSwiftUI;
			productName = LocalizationWithSwiftUI;
			productReference = 1D94608B245CA15E0065823A /* LocalizationWithSwiftUI.app */;
			productType = "com.apple.product-type.application";
		};
/* End PBXNativeTarget section */

/* Begin PBXProject section */
		1D946083245CA15E0065823A /* Project object */ = {
			isa = PBXProject;
			attributes = {
				LastSwiftUpdateCheck = 1140;
				LastUpgradeCheck = 1140;
				ORGANIZATIONNAME = "Ramill Ibragimov";
				TargetAttributes = {
					1D94608A245CA15E0065823A = {
						CreatedOnToolsVersion = 11.4.1;
					};
				};
			};
			buildConfigurationList = 1D946086245CA15E0065823A /* Build configuration list for PBXProject "LocalizationWithSwiftUI" */;
			compatibilityVersion = "Xcode 9.3";
			developmentRegion = en;
			hasScannedForEncodings = 0;
			knownRegions = (
				en,
				Base,
				ru,
				fi,
				de,
			);
			mainGroup = 1D946082245CA15E0065823A;
			productRefGroup = 1D94608C245CA15E0065823A /* Products */;
			projectDirPath = "";
			projectRoot = "";
			targets = (
				1D94608A245CA15E0065823A /* LocalizationWithSwiftUI */,
			);
		};
/* End PBXProject section */

/* Begin PBXResourcesBuildPhase section */
		1D946089245CA15E0065823A /* Resources */ = {
			isa = PBXResourcesBuildPhase;
			buildActionMask = 2147483647;
			files = (
				1D94609B245CA1600065823A /* LaunchScreen.storyboard in Resources */,
				1D9460A7245CA6A70065823A /* Localizable.strings in Resources */,
				1D946098245CA1600065823A /* Preview Assets.xcassets in Resources */,
				1D946095245CA1600065823A /* Assets.xcassets in Resources */,
			);
			runOnlyForDeploymentPostprocessing = 0;
		};
/* End PBXResourcesBuildPhase section */

/* Begin PBXSourcesBuildPhase section */
		1D946087245CA15E0065823A /* Sources */ = {
			isa = PBXSourcesBuildPhase;
			buildActionMask = 2147483647;
			files = (
				1D94608F245CA15E0065823A /* AppDelegate.swift in Sources */,
				1D946091245CA15E0065823A /* SceneDelegate.swift in Sources */,
				1D946093245CA15E0065823A /* ContentView.swift in Sources */,
			);
			runOnlyForDeploymentPostprocessing = 0;
		};
/* End PBXSourcesBuildPhase section */

/* Begin PBXVariantGroup section */
		1D946099245CA1600065823A /* LaunchScreen.storyboard */ = {
			isa = PBXVariantGroup;
			children = (
				1D94609A245CA1600065823A /* Base */,
				1D9460A2245CA51F0065823A /* ru */,
				1D9460A3245CA5380065823A /* fi */,
				1D9460A4245CA55B0065823A /* de */,
			);
			name = LaunchScreen.storyboard;
			sourceTree = "<group>";
		};
		1D9460A9245CA6A70065823A /* Localizable.strings */ = {
			isa = PBXVariantGroup;
			children = (
				1D9460A8245CA6A70065823A /* en */,
				1D9460AA245CA6EE0065823A /* fi */,
				1D9460AB245CA6EF0065823A /* de */,
				1D9460AC245CA6F00065823A /* ru */,
			);
			name = Localizable.strings;
			sourceTree = "<group>";
		};
/* End PBXVariantGroup section */

/* Begin XCBuildConfiguration section */
		1D94609D245CA1600065823A /* Debug */ = {
			isa = XCBuildConfiguration;
			buildSettings = {
				ALWAYS_SEARCH_USER_PATHS = NO;
				CLANG_ANALYZER_LOCALIZABILITY_NONLOCALIZED = YES;
				CLANG_ANALYZER_NONNULL = YES;
				CLANG_ANALYZER_NUMBER_OBJECT_CONVERSION = YES_AGGRESSIVE;
				CLANG_CXX_LANGUAGE_STANDARD = "gnu++14";
				CLANG_CXX_LIBRARY = "libc++";
				CLANG_ENABLE_MODULES = YES;
				CLANG_ENABLE_OBJC_ARC = YES;
				CLANG_ENABLE_OBJC_WEAK = YES;
				CLANG_WARN_BLOCK_CAPTURE_AUTORELEASING = YES;
				CLANG_WARN_BOOL_CONVERSION = YES;
				CLANG_WARN_COMMA = YES;
				CLANG_WARN_CONSTANT_CONVERSION = YES;
				CLANG_WARN_DEPRECATED_OBJC_IMPLEMENTATIONS = YES;
				CLANG_WARN_DIRECT_OBJC_ISA_USAGE = YES_ERROR;
				CLANG_WARN_DOCUMENTATION_COMMENTS = YES;
				CLANG_WARN_EMPTY_BODY = YES;
				CLANG_WARN_ENUM_CONVERSION = YES;
				CLANG_WARN_INFINITE_RECURSION = YES;
				CLANG_WARN_INT_CONVERSION = YES;
				CLANG_WARN_NON_LITERAL_NULL_CONVERSION = YES;
				CLANG_WARN_OBJC_IMPLICIT_RETAIN_SELF = YES;
				CLANG_WARN_OBJC_LITERAL_CONVERSION = YES;
				CLANG_WARN_OBJC_ROOT_CLASS = YES_ERROR;
				CLANG_WARN_RANGE_LOOP_ANALYSIS = YES;
				CLANG_WARN_STRICT_PROTOTYPES = YES;
				CLANG_WARN_SUSPICIOUS_MOVE = YES;
				CLANG_WARN_UNGUARDED_AVAILABILITY = YES_AGGRESSIVE;
				CLANG_WARN_UNREACHABLE_CODE = YES;
				CLANG_WARN__DUPLICATE_METHOD_MATCH = YES;
				COPY_PHASE_STRIP = NO;
				DEBUG_INFORMATION_FORMAT = dwarf;
				ENABLE_STRICT_OBJC_MSGSEND = YES;
				ENABLE_TESTABILITY = YES;
				GCC_C_LANGUAGE_STANDARD = gnu11;
				GCC_DYNAMIC_NO_PIC = NO;
				GCC_NO_COMMON_BLOCKS = YES;
				GCC_OPTIMIZATION_LEVEL = 0;
				GCC_PREPROCESSOR_DEFINITIONS = (
					"DEBUG=1",
					"$(inherited)",
				);
				GCC_WARN_64_TO_32_BIT_CONVERSION = YES;
				GCC_WARN_ABOUT_RETURN_TYPE = YES_ERROR;
				GCC_WARN_UNDECLARED_SELECTOR = YES;
				GCC_WARN_UNINITIALIZED_AUTOS = YES_AGGRESSIVE;
				GCC_WARN_UNUSED_FUNCTION = YES;
				GCC_WARN_UNUSED_VARIABLE = YES;
				IPHONEOS_DEPLOYMENT_TARGET = 13.4;
				MTL_ENABLE_DEBUG_INFO = INCLUDE_SOURCE;
				MTL_FAST_MATH = YES;
				ONLY_ACTIVE_ARCH = YES;
				SDKROOT = iphoneos;
				SWIFT_ACTIVE_COMPILATION_CONDITIONS = DEBUG;
				SWIFT_OPTIMIZATION_LEVEL = "-Onone";
			};
			name = Debug;
		};
		1D94609E245CA1600065823A /* Release */ = {
			isa = XCBuildConfiguration;
			buildSettings = {
				ALWAYS_SEARCH_USER_PATHS = NO;
				CLANG_ANALYZER_LOCALIZABILITY_NONLOCALIZED = YES;
				CLANG_ANALYZER_NONNULL = YES;
				CLANG_ANALYZER_NUMBER_OBJECT_CONVERSION = YES_AGGRESSIVE;
				CLANG_CXX_LANGUAGE_STANDARD = "gnu++14";
				CLANG_CXX_LIBRARY = "libc++";
				CLANG_ENABLE_MODULES = YES;
				CLANG_ENABLE_OBJC_ARC = YES;
				CLANG_ENABLE_OBJC_WEAK = YES;
				CLANG_WARN_BLOCK_CAPTURE_AUTORELEASING = YES;
				CLANG_WARN_BOOL_CONVERSION = YES;
				CLANG_WARN_COMMA = YES;
				CLANG_WARN_CONSTANT_CONVERSION = YES;
				CLANG_WARN_DEPRECATED_OBJC_IMPLEMENTATIONS = YES;
				CLANG_WARN_DIRECT_OBJC_ISA_USAGE = YES_ERROR;
				CLANG_WARN_DOCUMENTATION_COMMENTS = YES;
				CLANG_WARN_EMPTY_BODY = YES;
				CLANG_WARN_ENUM_CONVERSION = YES;
				CLANG_WARN_INFINITE_RECURSION = YES;
				CLANG_WARN_INT_CONVERSION = YES;
				CLANG_WARN_NON_LITERAL_NULL_CONVERSION = YES;
				CLANG_WARN_OBJC_IMPLICIT_RETAIN_SELF = YES;
				CLANG_WARN_OBJC_LITERAL_CONVERSION = YES;
				CLANG_WARN_OBJC_ROOT_CLASS = YES_ERROR;
				CLANG_WARN_RANGE_LOOP_ANALYSIS = YES;
				CLANG_WARN_STRICT_PROTOTYPES = YES;
				CLANG_WARN_SUSPICIOUS_MOVE = YES;
				CLANG_WARN_UNGUARDED_AVAILABILITY = YES_AGGRESSIVE;
				CLANG_WARN_UNREACHABLE_CODE = YES;
				CLANG_WARN__DUPLICATE_METHOD_MATCH = YES;
				COPY_PHASE_STRIP = NO;
				DEBUG_INFORMATION_FORMAT = "dwarf-with-dsym";
				ENABLE_NS_ASSERTIONS = NO;
				ENABLE_STRICT_OBJC_MSGSEND = YES;
				GCC_C_LANGUAGE_STANDARD = gnu11;
				GCC_NO_COMMON_BLOCKS = YES;
				GCC_WARN_64_TO_32_BIT_CONVERSION = YES;
				GCC_WARN_ABOUT_RETURN_TYPE = YES_ERROR;
				GCC_WARN_UNDECLARED_SELECTOR = YES;
				GCC_WARN_UNINITIALIZED_AUTOS = YES_AGGRESSIVE;
				GCC_WARN_UNUSED_FUNCTION = YES;
				GCC_WARN_UNUSED_VARIABLE = YES;
				IPHONEOS_DEPLOYMENT_TARGET = 13.4;
				MTL_ENABLE_DEBUG_INFO = NO;
				MTL_FAST_MATH = YES;
				SDKROOT = iphoneos;
				SWIFT_COMPILATION_MODE = wholemodule;
				SWIFT_OPTIMIZATION_LEVEL = "-O";
				VALIDATE_PRODUCT = YES;
			};
			name = Release;
		};
		1D9460A0245CA1600065823A /* Debug */ = {
			isa = XCBuildConfiguration;
			buildSettings = {
				ASSETCATALOG_COMPILER_APPICON_NAME = AppIcon;
				CODE_SIGN_STYLE = Automatic;
				DEVELOPMENT_ASSET_PATHS = "\"LocalizationWithSwiftUI/Preview Content\"";
				DEVELOPMENT_TEAM = L8W86DZDY2;
				ENABLE_PREVIEWS = YES;
				INFOPLIST_FILE = LocalizationWithSwiftUI/Info.plist;
				LD_RUNPATH_SEARCH_PATHS = (
					"$(inherited)",
					"@executable_path/Frameworks",
				);
				PRODUCT_BUNDLE_IDENTIFIER = com.ri.LocalizationWithSwiftUI;
				PRODUCT_NAME = "$(TARGET_NAME)";
				SWIFT_VERSION = 5.0;
				TARGETED_DEVICE_FAMILY = "1,2";
			};
			name = Debug;
		};
		1D9460A1245CA1600065823A /* Release */ = {
			isa = XCBuildConfiguration;
			buildSettings = {
				ASSETCATALOG_COMPILER_APPICON_NAME = AppIcon;
				CODE_SIGN_STYLE = Automatic;
				DEVELOPMENT_ASSET_PATHS = "\"LocalizationWithSwiftUI/Preview Content\"";
				DEVELOPMENT_TEAM = L8W86DZDY2;
				ENABLE_PREVIEWS = YES;
				INFOPLIST_FILE = LocalizationWithSwiftUI/Info.plist;
				LD_RUNPATH_SEARCH_PATHS = (
					"$(inherited)",
					"@executable_path/Frameworks",
				);
				PRODUCT_BUNDLE_IDENTIFIER = com.ri.LocalizationWithSwiftUI;
				PRODUCT_NAME = "$(TARGET_NAME)";
				SWIFT_VERSION = 5.0;
				TARGETED_DEVICE_FAMILY = "1,2";
			};
			name = Release;
		};
/* End XCBuildConfiguration section */

/* Begin XCConfigurationList section */
		1D946086245CA15E0065823A /* Build configuration list for PBXProject "LocalizationWithSwiftUI" */ = {
			isa = XCConfigurationList;
			buildConfigurations = (
				1D94609D245CA1600065823A /* Debug */,
				1D94609E245CA1600065823A /* Release */,
			);
			defaultConfigurationIsVisible = 0;
			defaultConfigurationName = Release;
		};
		1D94609F245CA1600065823A /* Build configuration list for PBXNativeTarget "LocalizationWithSwiftUI" */ = {
			isa = XCConfigurationList;
			buildConfigurations = (
				1D9460A0245CA1600065823A /* Debug */,
				1D9460A1245CA1600065823A /* Release */,
			);
			defaultConfigurationIsVisible = 0;
			defaultConfigurationName = Release;
		};
/* End XCConfigurationList section */
	};
	rootObject = 1D946083245CA15E0065823A /* Project object */;
}
